
Microsoft Visual Studio Solution File, Format Version 12.00
# Visual Studio Version 17
VisualStudioVersion = 17.8.34322.80
MinimumVisualStudioVersion = 10.0.40219.1
Project("{9A19103F-16F7-4668-BE54-9A1E7A4F7556}") = "TaskManagementSystem", "TaskManagementSystem\TaskManagementSystem.csproj", "{C1B38759-EB8D-4AFD-AB18-3450957B4233}"
EndProject
Project("{9A19103F-16F7-4668-BE54-9A1E7A4F7556}") = "LibrarySystem", "LibrarySystem\LibrarySystem.csproj", "{2D7AF0C7-E20B-4E5B-B84B-446EE19370E3}"
EndProject
Project("{9A19103F-16F7-4668-BE54-9A1E7A4F7556}") = "StudentsManagementSystem", "StudentsManagementSystem\StudentsManagementSystem.csproj", "{B5569049-31CF-4CDF-92E2-486F04BBBBAC}"
EndProject
Project("{9A19103F-16F7-4668-BE54-9A1E7A4F7556}") = "HospitalCRM", "HospitalCRM\HospitalCRM.csproj", "{C2BE3796-BE65-4059-80AE-DDF98C782653}"
EndProject
Project("{9A19103F-16F7-4668-BE54-9A1E7A4F7556}") = "BankCRM", "BankCRM\BankCRM.csproj", "{05A052B9-82A4-4300-9CA2-9A29AB3FA004}"
EndProject
Project("{9A19103F-16F7-4668-BE54-9A1E7A4F7556}") = "HaadLC", "HaadLC\HaadLC.csproj", "{0FC62BD0-6377-49F8-855B-FB4788962C35}"
EndProject
Project("{9A19103F-16F7-4668-BE54-9A1E7A4F7556}") = "Anjeer", "Anjeer\Anjeer.csproj", "{6ACE3A3C-876E-4E10-B392-5ABC2DBC4F8A}"
EndProject
Project("{9A19103F-16F7-4668-BE54-9A1E7A4F7556}") = "LibraryManagementSystem", "LibraryManagementSystem\LibraryManagementSystem.csproj", "{75584800-03DF-4DB9-9C36-3F1613B0A440}"
EndProject
Project("{9A19103F-16F7-4668-BE54-9A1E7A4F7556}") = "ExpenseTracker", "ExpenseTracker\ExpenseTracker.csproj", "{691B7D98-92A8-4B8D-BFE1-0417D7EE8295}"
EndProject
Project("{9A19103F-16F7-4668-BE54-9A1E7A4F7556}") = "C-Space", "C-Space\C-Space.csproj", "{E3BAB15B-95E1-4899-805D-6453963BB972}"
EndProject
Project("{9A19103F-16F7-4668-BE54-9A1E7A4F7556}") = "TaskScheduler", "TaskScheduler\TaskScheduler.csproj", "{B8A3E637-9D0F-4216-8555-6F1001DB642D}"
EndProject
Project("{9A19103F-16F7-4668-BE54-9A1E7A4F7556}") = "ContactBook", "ContactBook\ContactBook.csproj", "{A2177947-832F-483A-8080-639A2628D7C6}"
EndProject
Project("{FAE04EC0-301F-11D3-BF4B-00C04F79EFBC}") = "BankingSystem", "BankingSystem\BankingSystem.csproj", "{BC23D754-200D-4488-B887-914D43233E9C}"
EndProject
Global
	GlobalSection(SolutionConfigurationPlatforms) = preSolution
		Debug|Any CPU = Debug|Any CPU
		Release|Any CPU = Release|Any CPU
	EndGlobalSection
	GlobalSection(ProjectConfigurationPlatforms) = postSolution
		{C1B38759-EB8D-4AFD-AB18-3450957B4233}.Debug|Any CPU.ActiveCfg = Debug|Any CPU
		{C1B38759-EB8D-4AFD-AB18-3450957B4233}.Debug|Any CPU.Build.0 = Debug|Any CPU
		{C1B38759-EB8D-4AFD-AB18-3450957B4233}.Release|Any CPU.ActiveCfg = Release|Any CPU
		{C1B38759-EB8D-4AFD-AB18-3450957B4233}.Release|Any CPU.Build.0 = Release|Any CPU
		{2D7AF0C7-E20B-4E5B-B84B-446EE19370E3}.Debug|Any CPU.ActiveCfg = Debug|Any CPU
		{2D7AF0C7-E20B-4E5B-B84B-446EE19370E3}.Debug|Any CPU.Build.0 = Debug|Any CPU
		{2D7AF0C7-E20B-4E5B-B84B-446EE19370E3}.Release|Any CPU.ActiveCfg = Release|Any CPU
		{2D7AF0C7-E20B-4E5B-B84B-446EE19370E3}.Release|Any CPU.Build.0 = Release|Any CPU
		{B5569049-31CF-4CDF-92E2-486F04BBBBAC}.Debug|Any CPU.ActiveCfg = Debug|Any CPU
		{B5569049-31CF-4CDF-92E2-486F04BBBBAC}.Debug|Any CPU.Build.0 = Debug|Any CPU
		{B5569049-31CF-4CDF-92E2-486F04BBBBAC}.Release|Any CPU.ActiveCfg = Release|Any CPU
		{B5569049-31CF-4CDF-92E2-486F04BBBBAC}.Release|Any CPU.Build.0 = Release|Any CPU
		{C2BE3796-BE65-4059-80AE-DDF98C782653}.Debug|Any CPU.ActiveCfg = Debug|Any CPU
		{C2BE3796-BE65-4059-80AE-DDF98C782653}.Debug|Any CPU.Build.0 = Debug|Any CPU
		{C2BE3796-BE65-4059-80AE-DDF98C782653}.Release|Any CPU.ActiveCfg = Release|Any CPU
		{C2BE3796-BE65-4059-80AE-DDF98C782653}.Release|Any CPU.Build.0 = Release|Any CPU
		{05A052B9-82A4-4300-9CA2-9A29AB3FA004}.Debug|Any CPU.ActiveCfg = Debug|Any CPU
		{05A052B9-82A4-4300-9CA2-9A29AB3FA004}.Debug|Any CPU.Build.0 = Debug|Any CPU
		{05A052B9-82A4-4300-9CA2-9A29AB3FA004}.Release|Any CPU.ActiveCfg = Release|Any CPU
		{05A052B9-82A4-4300-9CA2-9A29AB3FA004}.Release|Any CPU.Build.0 = Release|Any CPU
		{0FC62BD0-6377-49F8-855B-FB4788962C35}.Debug|Any CPU.ActiveCfg = Debug|Any CPU
		{0FC62BD0-6377-49F8-855B-FB4788962C35}.Debug|Any CPU.Build.0 = Debug|Any CPU
		{0FC62BD0-6377-49F8-855B-FB4788962C35}.Release|Any CPU.ActiveCfg = Release|Any CPU
		{0FC62BD0-6377-49F8-855B-FB4788962C35}.Release|Any CPU.Build.0 = Release|Any CPU
		{6ACE3A3C-876E-4E10-B392-5ABC2DBC4F8A}.Debug|Any CPU.ActiveCfg = Debug|Any CPU
		{6ACE3A3C-876E-4E10-B392-5ABC2DBC4F8A}.Debug|Any CPU.Build.0 = Debug|Any CPU
		{6ACE3A3C-876E-4E10-B392-5ABC2DBC4F8A}.Release|Any CPU.ActiveCfg = Release|Any CPU
		{6ACE3A3C-876E-4E10-B392-5ABC2DBC4F8A}.Release|Any CPU.Build.0 = Release|Any CPU
		{75584800-03DF-4DB9-9C36-3F1613B0A440}.Debug|Any CPU.ActiveCfg = Debug|Any CPU
		{75584800-03DF-4DB9-9C36-3F1613B0A440}.Debug|Any CPU.Build.0 = Debug|Any CPU
		{75584800-03DF-4DB9-9C36-3F1613B0A440}.Release|Any CPU.ActiveCfg = Release|Any CPU
		{75584800-03DF-4DB9-9C36-3F1613B0A440}.Release|Any CPU.Build.0 = Release|Any CPU
		{691B7D98-92A8-4B8D-BFE1-0417D7EE8295}.Debug|Any CPU.ActiveCfg = Debug|Any CPU
		{691B7D98-92A8-4B8D-BFE1-0417D7EE8295}.Debug|Any CPU.Build.0 = Debug|Any CPU
		{691B7D98-92A8-4B8D-BFE1-0417D7EE8295}.Release|Any CPU.ActiveCfg = Release|Any CPU
		{691B7D98-92A8-4B8D-BFE1-0417D7EE8295}.Release|Any CPU.Build.0 = Release|Any CPU
		{E3BAB15B-95E1-4899-805D-6453963BB972}.Debug|Any CPU.ActiveCfg = Debug|Any CPU
		{E3BAB15B-95E1-4899-805D-6453963BB972}.Debug|Any CPU.Build.0 = Debug|Any CPU
		{E3BAB15B-95E1-4899-805D-6453963BB972}.Release|Any CPU.ActiveCfg = Release|Any CPU
		{E3BAB15B-95E1-4899-805D-6453963BB972}.Release|Any CPU.Build.0 = Release|Any CPU
		{B8A3E637-9D0F-4216-8555-6F1001DB642D}.Debug|Any CPU.ActiveCfg = Debug|Any CPU
		{B8A3E637-9D0F-4216-8555-6F1001DB642D}.Debug|Any CPU.Build.0 = Debug|Any CPU
		{B8A3E637-9D0F-4216-8555-6F1001DB642D}.Release|Any CPU.ActiveCfg = Release|Any CPU
		{B8A3E637-9D0F-4216-8555-6F1001DB642D}.Release|Any CPU.Build.0 = Release|Any CPU
		{A2177947-832F-483A-8080-639A2628D7C6}.Debug|Any CPU.ActiveCfg = Debug|Any CPU
		{A2177947-832F-483A-8080-639A2628D7C6}.Debug|Any CPU.Build.0 = Debug|Any CPU
		{A2177947-832F-483A-8080-639A2628D7C6}.Release|Any CPU.ActiveCfg = Release|Any CPU
		{A2177947-832F-483A-8080-639A2628D7C6}.Release|Any CPU.Build.0 = Release|Any CPU
		{BC23D754-200D-4488-B887-914D43233E9C}.Debug|Any CPU.ActiveCfg = Debug|Any CPU
		{BC23D754-200D-4488-B887-914D43233E9C}.Debug|Any CPU.Build.0 = Debug|Any CPU
		{BC23D754-200D-4488-B887-914D43233E9C}.Release|Any CPU.ActiveCfg = Release|Any CPU
		{BC23D754-200D-4488-B887-914D43233E9C}.Release|Any CPU.Build.0 = Release|Any CPU
	EndGlobalSection
	GlobalSection(SolutionProperties) = preSolution
		HideSolutionNode = FALSE
	EndGlobalSection
	GlobalSection(ExtensibilityGlobals) = postSolution
		SolutionGuid = {1723FAEC-3AC9-4850-B5D8-FF3DAF7A5D88}
	EndGlobalSection
EndGlobal
