
Microsoft Visual Studio Solution File, Format Version 12.00
# Visual Studio Version 17
VisualStudioVersion = 17.8.34322.80
MinimumVisualStudioVersion = 10.0.40219.1
Project("{FAE04EC0-301F-11D3-BF4B-00C04F79EFBC}") = "TaskManagementSystem", "TaskManagementSystem\TaskManagementSystem.csproj", "{C1B38759-EB8D-4AFD-AB18-3450957B4233}"
EndProject
Project("{FAE04EC0-301F-11D3-BF4B-00C04F79EFBC}") = "LibrarySystem", "LibrarySystem\LibrarySystem.csproj", "{2D7AF0C7-E20B-4E5B-B84B-446EE19370E3}"
EndProject
Global
	GlobalSection(SolutionConfigurationPlatforms) = preSolution
		Debug|Any CPU = Debug|Any CPU
		Release|Any CPU = Release|Any CPU
	EndGlobalSection
	GlobalSection(ProjectConfigurationPlatforms) = postSolution
		{C1B38759-EB8D-4AFD-AB18-3450957B4233}.Debug|Any CPU.ActiveCfg = Debug|Any CPU
		{C1B38759-EB8D-4AFD-AB18-3450957B4233}.Debug|Any CPU.Build.0 = Debug|Any CPU
		{C1B38759-EB8D-4AFD-AB18-3450957B4233}.Release|Any CPU.ActiveCfg = Release|Any CPU
		{C1B38759-EB8D-4AFD-AB18-3450957B4233}.Release|Any CPU.Build.0 = Release|Any CPU
		{2D7AF0C7-E20B-4E5B-B84B-446EE19370E3}.Debug|Any CPU.ActiveCfg = Debug|Any CPU
		{2D7AF0C7-E20B-4E5B-B84B-446EE19370E3}.Debug|Any CPU.Build.0 = Debug|Any CPU
		{2D7AF0C7-E20B-4E5B-B84B-446EE19370E3}.Release|Any CPU.ActiveCfg = Release|Any CPU
		{2D7AF0C7-E20B-4E5B-B84B-446EE19370E3}.Release|Any CPU.Build.0 = Release|Any CPU
	EndGlobalSection
	GlobalSection(SolutionProperties) = preSolution
		HideSolutionNode = FALSE
	EndGlobalSection
	GlobalSection(ExtensibilityGlobals) = postSolution
		SolutionGuid = {1723FAEC-3AC9-4850-B5D8-FF3DAF7A5D88}
	EndGlobalSection
EndGlobal
